
Microsoft Visual Studio Solution File, Format Version 12.00
# Visual Studio Version 17
VisualStudioVersion = 17.4.33122.133
MinimumVisualStudioVersion = 10.0.40219.1
Project("{FAE04EC0-301F-11D3-BF4B-00C04F79EFBC}") = "AN2hw", "AN2hw\AN2hw.csproj", "{FF7FDC22-4FF8-49E0-89BA-2020FC1D0F4D}"
EndProject
Project("{FAE04EC0-301F-11D3-BF4B-00C04F79EFBC}") = "AN1hw", "AN1hw\AN1hw\AN1hw.csproj", "{6DCEB8FE-FAAB-4C0F-958A-A8454D813048}"
EndProject
Project("{FAE04EC0-301F-11D3-BF4B-00C04F79EFBC}") = "AN6hw", "AN6hw\AN6hw.csproj", "{6FF51AA5-5318-45A2-84A4-446D10688190}"
EndProject
Project("{FAE04EC0-301F-11D3-BF4B-00C04F79EFBC}") = "AN4hw", "AN4hw\AN4hw.csproj", "{BE323BAD-0A82-496D-8FD4-706F6BFC94F1}"
EndProject
Project("{FAE04EC0-301F-11D3-BF4B-00C04F79EFBC}") = "AN3hw", "AN3hw\AN3hw.csproj", "{F3C53D6B-2889-4514-823C-5897B50E700E}"
EndProject
Project("{FAE04EC0-301F-11D3-BF4B-00C04F79EFBC}") = "AN5hw", "An5hw\AN5hw.csproj", "{E08D27CD-07E7-43F0-A721-52742FB364BB}"
EndProject
Global
	GlobalSection(SolutionConfigurationPlatforms) = preSolution
		Debug|Any CPU = Debug|Any CPU
		Release|Any CPU = Release|Any CPU
	EndGlobalSection
	GlobalSection(ProjectConfigurationPlatforms) = postSolution
		{FF7FDC22-4FF8-49E0-89BA-2020FC1D0F4D}.Debug|Any CPU.ActiveCfg = Debug|Any CPU
		{FF7FDC22-4FF8-49E0-89BA-2020FC1D0F4D}.Debug|Any CPU.Build.0 = Debug|Any CPU
		{FF7FDC22-4FF8-49E0-89BA-2020FC1D0F4D}.Release|Any CPU.ActiveCfg = Release|Any CPU
		{FF7FDC22-4FF8-49E0-89BA-2020FC1D0F4D}.Release|Any CPU.Build.0 = Release|Any CPU
		{6DCEB8FE-FAAB-4C0F-958A-A8454D813048}.Debug|Any CPU.ActiveCfg = Debug|Any CPU
		{6DCEB8FE-FAAB-4C0F-958A-A8454D813048}.Debug|Any CPU.Build.0 = Debug|Any CPU
		{6DCEB8FE-FAAB-4C0F-958A-A8454D813048}.Release|Any CPU.ActiveCfg = Release|Any CPU
		{6DCEB8FE-FAAB-4C0F-958A-A8454D813048}.Release|Any CPU.Build.0 = Release|Any CPU
		{6FF51AA5-5318-45A2-84A4-446D10688190}.Debug|Any CPU.ActiveCfg = Debug|Any CPU
		{6FF51AA5-5318-45A2-84A4-446D10688190}.Debug|Any CPU.Build.0 = Debug|Any CPU
		{6FF51AA5-5318-45A2-84A4-446D10688190}.Release|Any CPU.ActiveCfg = Release|Any CPU
		{6FF51AA5-5318-45A2-84A4-446D10688190}.Release|Any CPU.Build.0 = Release|Any CPU
		{BE323BAD-0A82-496D-8FD4-706F6BFC94F1}.Debug|Any CPU.ActiveCfg = Debug|Any CPU
		{BE323BAD-0A82-496D-8FD4-706F6BFC94F1}.Debug|Any CPU.Build.0 = Debug|Any CPU
		{BE323BAD-0A82-496D-8FD4-706F6BFC94F1}.Release|Any CPU.ActiveCfg = Release|Any CPU
		{BE323BAD-0A82-496D-8FD4-706F6BFC94F1}.Release|Any CPU.Build.0 = Release|Any CPU
		{F3C53D6B-2889-4514-823C-5897B50E700E}.Debug|Any CPU.ActiveCfg = Debug|Any CPU
		{F3C53D6B-2889-4514-823C-5897B50E700E}.Debug|Any CPU.Build.0 = Debug|Any CPU
		{F3C53D6B-2889-4514-823C-5897B50E700E}.Release|Any CPU.ActiveCfg = Release|Any CPU
		{F3C53D6B-2889-4514-823C-5897B50E700E}.Release|Any CPU.Build.0 = Release|Any CPU
		{E08D27CD-07E7-43F0-A721-52742FB364BB}.Debug|Any CPU.ActiveCfg = Debug|Any CPU
		{E08D27CD-07E7-43F0-A721-52742FB364BB}.Debug|Any CPU.Build.0 = Debug|Any CPU
		{E08D27CD-07E7-43F0-A721-52742FB364BB}.Release|Any CPU.ActiveCfg = Release|Any CPU
		{E08D27CD-07E7-43F0-A721-52742FB364BB}.Release|Any CPU.Build.0 = Release|Any CPU
	EndGlobalSection
	GlobalSection(SolutionProperties) = preSolution
		HideSolutionNode = FALSE
	EndGlobalSection
	GlobalSection(ExtensibilityGlobals) = postSolution
		SolutionGuid = {E7264C87-7371-4A3D-BC0C-30907158F2C1}
	EndGlobalSection
EndGlobal
